
Microsoft Visual Studio Solution File, Format Version 12.00
# Visual Studio Version 17
VisualStudioVersion = 17.10.35027.167
MinimumVisualStudioVersion = 10.0.40219.1
Project("{FAE04EC0-301F-11D3-BF4B-00C04F79EFBC}") = "Kynaxis", "Kynaxis\Kynaxis.csproj", "{8E137572-CF3D-4880-8F46-A3D94D15D381}"
EndProject
Global
	GlobalSection(SolutionConfigurationPlatforms) = preSolution
		Debug|Any CPU = Debug|Any CPU
		Release|Any CPU = Release|Any CPU
	EndGlobalSection
	GlobalSection(ProjectConfigurationPlatforms) = postSolution
		{8E137572-CF3D-4880-8F46-A3D94D15D381}.Debug|Any CPU.ActiveCfg = Debug|Any CPU
		{8E137572-CF3D-4880-8F46-A3D94D15D381}.Debug|Any CPU.Build.0 = Debug|Any CPU
		{8E137572-CF3D-4880-8F46-A3D94D15D381}.Release|Any CPU.ActiveCfg = Release|Any CPU
		{8E137572-CF3D-4880-8F46-A3D94D15D381}.Release|Any CPU.Build.0 = Release|Any CPU
	EndGlobalSection
	GlobalSection(SolutionProperties) = preSolution
		HideSolutionNode = FALSE
	EndGlobalSection
	GlobalSection(ExtensibilityGlobals) = postSolution
		SolutionGuid = {7A097C56-5691-4B7E-AE9C-A30CEAB57EFA}
	EndGlobalSection
EndGlobal
